
Microsoft Visual Studio Solution File, Format Version 12.00
# Visual Studio Version 17
VisualStudioVersion = 17.10.35122.118
MinimumVisualStudioVersion = 10.0.40219.1
Project("{FAE04EC0-301F-11D3-BF4B-00C04F79EFBC}") = "MvcCoreExample", "MvcCoreExample\MvcCoreExample.csproj", "{5EE8DB35-C7C5-4504-A44C-329F17191F02}"
EndProject
Global
	GlobalSection(SolutionConfigurationPlatforms) = preSolution
		Debug|Any CPU = Debug|Any CPU
		Release|Any CPU = Release|Any CPU
	EndGlobalSection
	GlobalSection(ProjectConfigurationPlatforms) = postSolution
		{5EE8DB35-C7C5-4504-A44C-329F17191F02}.Debug|Any CPU.ActiveCfg = Debug|Any CPU
		{5EE8DB35-C7C5-4504-A44C-329F17191F02}.Debug|Any CPU.Build.0 = Debug|Any CPU
		{5EE8DB35-C7C5-4504-A44C-329F17191F02}.Release|Any CPU.ActiveCfg = Release|Any CPU
		{5EE8DB35-C7C5-4504-A44C-329F17191F02}.Release|Any CPU.Build.0 = Release|Any CPU
	EndGlobalSection
	GlobalSection(SolutionProperties) = preSolution
		HideSolutionNode = FALSE
	EndGlobalSection
	GlobalSection(ExtensibilityGlobals) = postSolution
		SolutionGuid = {19C8F79E-8A87-4E71-B1F3-0EAE28332C7B}
	EndGlobalSection
EndGlobal
